// !$*UTF8*$!
{
	archiveVersion = 1;
	classes = {
	};
	objectVersion = 55;
	objects = {

/* Begin PBXBuildFile section */
		8B357B7327EC1E2500B348EB /* JSONData.swift in Sources */ = {isa = PBXBuildFile; fileRef = 8B357B7227EC1E2500B348EB /* JSONData.swift */; };
		8B357B7427EC1E2500B348EB /* JSONData.swift in Sources */ = {isa = PBXBuildFile; fileRef = 8B357B7227EC1E2500B348EB /* JSONData.swift */; };
		8B357B7627EC217B00B348EB /* CoreDataManager+Sync.swift in Sources */ = {isa = PBXBuildFile; fileRef = 8B357B7527EC217B00B348EB /* CoreDataManager+Sync.swift */; };
		8B357B7727EC217B00B348EB /* CoreDataManager+Sync.swift in Sources */ = {isa = PBXBuildFile; fileRef = 8B357B7527EC217B00B348EB /* CoreDataManager+Sync.swift */; };
		8B5D960927E043CA002E95C0 /* BaseViewModel.swift in Sources */ = {isa = PBXBuildFile; fileRef = 8B5D960827E043CA002E95C0 /* BaseViewModel.swift */; };
		8B5D960A27E043CA002E95C0 /* BaseViewModel.swift in Sources */ = {isa = PBXBuildFile; fileRef = 8B5D960827E043CA002E95C0 /* BaseViewModel.swift */; };
		8B5D960B27E043CA002E95C0 /* BaseViewModel.swift in Sources */ = {isa = PBXBuildFile; fileRef = 8B5D960827E043CA002E95C0 /* BaseViewModel.swift */; };
		8B6E99A627E10256002794D6 /* PurchasesViewModel.swift in Sources */ = {isa = PBXBuildFile; fileRef = 8B6E99A527E10256002794D6 /* PurchasesViewModel.swift */; };
		8B6E99A727E10256002794D6 /* PurchasesViewModel.swift in Sources */ = {isa = PBXBuildFile; fileRef = 8B6E99A527E10256002794D6 /* PurchasesViewModel.swift */; };
		8B6E99A827E10256002794D6 /* PurchasesViewModel.swift in Sources */ = {isa = PBXBuildFile; fileRef = 8B6E99A527E10256002794D6 /* PurchasesViewModel.swift */; };
		8B6E99AA27E10268002794D6 /* PurchasesAPIService.swift in Sources */ = {isa = PBXBuildFile; fileRef = 8B6E99A927E10268002794D6 /* PurchasesAPIService.swift */; };
		8B6E99AB27E10268002794D6 /* PurchasesAPIService.swift in Sources */ = {isa = PBXBuildFile; fileRef = 8B6E99A927E10268002794D6 /* PurchasesAPIService.swift */; };
		8B6E99AC27E10268002794D6 /* PurchasesAPIService.swift in Sources */ = {isa = PBXBuildFile; fileRef = 8B6E99A927E10268002794D6 /* PurchasesAPIService.swift */; };
		8B6E99AE27E1027D002794D6 /* PurchasesViewController.swift in Sources */ = {isa = PBXBuildFile; fileRef = 8B6E99AD27E1027D002794D6 /* PurchasesViewController.swift */; };
		8B6E99B227E1163E002794D6 /* PurchasesDataSource.swift in Sources */ = {isa = PBXBuildFile; fileRef = 8B6E99B127E1163E002794D6 /* PurchasesDataSource.swift */; };
		8B6E99B327E1163E002794D6 /* PurchasesDataSource.swift in Sources */ = {isa = PBXBuildFile; fileRef = 8B6E99B127E1163E002794D6 /* PurchasesDataSource.swift */; };
		8B6E99B427E1163E002794D6 /* PurchasesDataSource.swift in Sources */ = {isa = PBXBuildFile; fileRef = 8B6E99B127E1163E002794D6 /* PurchasesDataSource.swift */; };
		8B6E99B627E12233002794D6 /* PurchaseTableViewCell.swift in Sources */ = {isa = PBXBuildFile; fileRef = 8B6E99B527E12233002794D6 /* PurchaseTableViewCell.swift */; };
		8B6E99BA27E13203002794D6 /* AboutPurchasesViewController.swift in Sources */ = {isa = PBXBuildFile; fileRef = 8B6E99B927E13203002794D6 /* AboutPurchasesViewController.swift */; };
		8B6E99BB27E13203002794D6 /* AboutPurchasesViewController.swift in Sources */ = {isa = PBXBuildFile; fileRef = 8B6E99B927E13203002794D6 /* AboutPurchasesViewController.swift */; };
		8B6E99BC27E13203002794D6 /* AboutPurchasesViewController.swift in Sources */ = {isa = PBXBuildFile; fileRef = 8B6E99B927E13203002794D6 /* AboutPurchasesViewController.swift */; };
		8B6E99BF27E1546A002794D6 /* String+Utilities.swift in Sources */ = {isa = PBXBuildFile; fileRef = 8B6E99BE27E1546A002794D6 /* String+Utilities.swift */; };
		8B6E99C027E15A2E002794D6 /* Constants.swift in Sources */ = {isa = PBXBuildFile; fileRef = 8BFB258827DFB41D007CFE00 /* Constants.swift */; };
		8B6E99C127E15A2F002794D6 /* Constants.swift in Sources */ = {isa = PBXBuildFile; fileRef = 8BFB258827DFB41D007CFE00 /* Constants.swift */; };
		8B6E99C227E15A4D002794D6 /* String+Utilities.swift in Sources */ = {isa = PBXBuildFile; fileRef = 8B6E99BE27E1546A002794D6 /* String+Utilities.swift */; };
		8B6E99C327E15A4E002794D6 /* String+Utilities.swift in Sources */ = {isa = PBXBuildFile; fileRef = 8B6E99BE27E1546A002794D6 /* String+Utilities.swift */; };
		8BCDE39627E01EA600C15F59 /* SDWebImage in Frameworks */ = {isa = PBXBuildFile; productRef = 8BCDE39527E01EA600C15F59 /* SDWebImage */; };
		8BFB253B27DFA057007CFE00 /* AppDelegate.swift in Sources */ = {isa = PBXBuildFile; fileRef = 8BFB253A27DFA057007CFE00 /* AppDelegate.swift */; };
		8BFB253D27DFA057007CFE00 /* SceneDelegate.swift in Sources */ = {isa = PBXBuildFile; fileRef = 8BFB253C27DFA057007CFE00 /* SceneDelegate.swift */; };
		8BFB253F27DFA057007CFE00 /* ViewController.swift in Sources */ = {isa = PBXBuildFile; fileRef = 8BFB253E27DFA057007CFE00 /* ViewController.swift */; };
		8BFB254227DFA057007CFE00 /* Main.storyboard in Resources */ = {isa = PBXBuildFile; fileRef = 8BFB254027DFA057007CFE00 /* Main.storyboard */; };
		8BFB254527DFA057007CFE00 /* UserProfile.xcdatamodeld in Sources */ = {isa = PBXBuildFile; fileRef = 8BFB254327DFA057007CFE00 /* UserProfile.xcdatamodeld */; };
		8BFB254727DFA058007CFE00 /* Assets.xcassets in Resources */ = {isa = PBXBuildFile; fileRef = 8BFB254627DFA058007CFE00 /* Assets.xcassets */; };
		8BFB254A27DFA058007CFE00 /* LaunchScreen.storyboard in Resources */ = {isa = PBXBuildFile; fileRef = 8BFB254827DFA058007CFE00 /* LaunchScreen.storyboard */; };
		8BFB255527DFA058007CFE00 /* UserProfileTests.swift in Sources */ = {isa = PBXBuildFile; fileRef = 8BFB255427DFA058007CFE00 /* UserProfileTests.swift */; };
		8BFB255F27DFA058007CFE00 /* UserProfileUITests.swift in Sources */ = {isa = PBXBuildFile; fileRef = 8BFB255E27DFA058007CFE00 /* UserProfileUITests.swift */; };
		8BFB256127DFA058007CFE00 /* UserProfileUITestsLaunchTests.swift in Sources */ = {isa = PBXBuildFile; fileRef = 8BFB256027DFA058007CFE00 /* UserProfileUITestsLaunchTests.swift */; };
		8BFB257327DFAD7B007CFE00 /* UPUser+CoreDataClass.swift in Sources */ = {isa = PBXBuildFile; fileRef = 8BFB256F27DFAD7B007CFE00 /* UPUser+CoreDataClass.swift */; };
		8BFB257427DFAD7B007CFE00 /* UPUser+CoreDataClass.swift in Sources */ = {isa = PBXBuildFile; fileRef = 8BFB256F27DFAD7B007CFE00 /* UPUser+CoreDataClass.swift */; };
		8BFB257527DFAD7B007CFE00 /* UPUser+CoreDataClass.swift in Sources */ = {isa = PBXBuildFile; fileRef = 8BFB256F27DFAD7B007CFE00 /* UPUser+CoreDataClass.swift */; };
		8BFB257627DFAD7B007CFE00 /* UPUser+CoreDataProperties.swift in Sources */ = {isa = PBXBuildFile; fileRef = 8BFB257027DFAD7B007CFE00 /* UPUser+CoreDataProperties.swift */; };
		8BFB257727DFAD7B007CFE00 /* UPUser+CoreDataProperties.swift in Sources */ = {isa = PBXBuildFile; fileRef = 8BFB257027DFAD7B007CFE00 /* UPUser+CoreDataProperties.swift */; };
		8BFB257827DFAD7B007CFE00 /* UPUser+CoreDataProperties.swift in Sources */ = {isa = PBXBuildFile; fileRef = 8BFB257027DFAD7B007CFE00 /* UPUser+CoreDataProperties.swift */; };
		8BFB257927DFAD7B007CFE00 /* UPPurchase+CoreDataClass.swift in Sources */ = {isa = PBXBuildFile; fileRef = 8BFB257127DFAD7B007CFE00 /* UPPurchase+CoreDataClass.swift */; };
		8BFB257A27DFAD7B007CFE00 /* UPPurchase+CoreDataClass.swift in Sources */ = {isa = PBXBuildFile; fileRef = 8BFB257127DFAD7B007CFE00 /* UPPurchase+CoreDataClass.swift */; };
		8BFB257B27DFAD7B007CFE00 /* UPPurchase+CoreDataClass.swift in Sources */ = {isa = PBXBuildFile; fileRef = 8BFB257127DFAD7B007CFE00 /* UPPurchase+CoreDataClass.swift */; };
		8BFB257C27DFAD7B007CFE00 /* UPPurchase+CoreDataProperties.swift in Sources */ = {isa = PBXBuildFile; fileRef = 8BFB257227DFAD7B007CFE00 /* UPPurchase+CoreDataProperties.swift */; };
		8BFB257D27DFAD7B007CFE00 /* UPPurchase+CoreDataProperties.swift in Sources */ = {isa = PBXBuildFile; fileRef = 8BFB257227DFAD7B007CFE00 /* UPPurchase+CoreDataProperties.swift */; };
		8BFB257E27DFAD7B007CFE00 /* UPPurchase+CoreDataProperties.swift in Sources */ = {isa = PBXBuildFile; fileRef = 8BFB257227DFAD7B007CFE00 /* UPPurchase+CoreDataProperties.swift */; };
		8BFB258027DFADC2007CFE00 /* CoreDataManager.swift in Sources */ = {isa = PBXBuildFile; fileRef = 8BFB257F27DFADC2007CFE00 /* CoreDataManager.swift */; };
		8BFB258127DFADC2007CFE00 /* CoreDataManager.swift in Sources */ = {isa = PBXBuildFile; fileRef = 8BFB257F27DFADC2007CFE00 /* CoreDataManager.swift */; };
		8BFB258227DFADC2007CFE00 /* CoreDataManager.swift in Sources */ = {isa = PBXBuildFile; fileRef = 8BFB257F27DFADC2007CFE00 /* CoreDataManager.swift */; };
		8BFB258527DFAE6E007CFE00 /* BaseAPIService.swift in Sources */ = {isa = PBXBuildFile; fileRef = 8BFB258427DFAE6E007CFE00 /* BaseAPIService.swift */; };
		8BFB258627DFAE6E007CFE00 /* BaseAPIService.swift in Sources */ = {isa = PBXBuildFile; fileRef = 8BFB258427DFAE6E007CFE00 /* BaseAPIService.swift */; };
		8BFB258727DFAE6E007CFE00 /* BaseAPIService.swift in Sources */ = {isa = PBXBuildFile; fileRef = 8BFB258427DFAE6E007CFE00 /* BaseAPIService.swift */; };
		8BFB258927DFB41D007CFE00 /* Constants.swift in Sources */ = {isa = PBXBuildFile; fileRef = 8BFB258827DFB41D007CFE00 /* Constants.swift */; };
		8BFB258F27DFCF24007CFE00 /* UserViewModel.swift in Sources */ = {isa = PBXBuildFile; fileRef = 8BFB258E27DFCF24007CFE00 /* UserViewModel.swift */; };
		8BFB259027DFCF24007CFE00 /* UserViewModel.swift in Sources */ = {isa = PBXBuildFile; fileRef = 8BFB258E27DFCF24007CFE00 /* UserViewModel.swift */; };
		8BFB259127DFCF24007CFE00 /* UserViewModel.swift in Sources */ = {isa = PBXBuildFile; fileRef = 8BFB258E27DFCF24007CFE00 /* UserViewModel.swift */; };
		8BFB259327DFCF9E007CFE00 /* UserAPIService.swift in Sources */ = {isa = PBXBuildFile; fileRef = 8BFB259227DFCF9E007CFE00 /* UserAPIService.swift */; };
		8BFB259427DFCF9E007CFE00 /* UserAPIService.swift in Sources */ = {isa = PBXBuildFile; fileRef = 8BFB259227DFCF9E007CFE00 /* UserAPIService.swift */; };
		8BFB259527DFCF9E007CFE00 /* UserAPIService.swift in Sources */ = {isa = PBXBuildFile; fileRef = 8BFB259227DFCF9E007CFE00 /* UserAPIService.swift */; };
		8BFB259727DFD14C007CFE00 /* UserViewController.swift in Sources */ = {isa = PBXBuildFile; fileRef = 8BFB259627DFD14C007CFE00 /* UserViewController.swift */; };
/* End PBXBuildFile section */

/* Begin PBXContainerItemProxy section */
		8BFB255127DFA058007CFE00 /* PBXContainerItemProxy */ = {
			isa = PBXContainerItemProxy;
			containerPortal = 8BFB252F27DFA057007CFE00 /* Project object */;
			proxyType = 1;
			remoteGlobalIDString = 8BFB253627DFA057007CFE00;
			remoteInfo = UserProfile;
		};
		8BFB255B27DFA058007CFE00 /* PBXContainerItemProxy */ = {
			isa = PBXContainerItemProxy;
			containerPortal = 8BFB252F27DFA057007CFE00 /* Project object */;
			proxyType = 1;
			remoteGlobalIDString = 8BFB253627DFA057007CFE00;
			remoteInfo = UserProfile;
		};
/* End PBXContainerItemProxy section */

/* Begin PBXFileReference section */
		8B357B7227EC1E2500B348EB /* JSONData.swift */ = {isa = PBXFileReference; lastKnownFileType = sourcecode.swift; path = JSONData.swift; sourceTree = "<group>"; };
		8B357B7527EC217B00B348EB /* CoreDataManager+Sync.swift */ = {isa = PBXFileReference; lastKnownFileType = sourcecode.swift; path = "CoreDataManager+Sync.swift"; sourceTree = "<group>"; };
		8B5D960827E043CA002E95C0 /* BaseViewModel.swift */ = {isa = PBXFileReference; lastKnownFileType = sourcecode.swift; path = BaseViewModel.swift; sourceTree = "<group>"; };
		8B6E99A527E10256002794D6 /* PurchasesViewModel.swift */ = {isa = PBXFileReference; lastKnownFileType = sourcecode.swift; path = PurchasesViewModel.swift; sourceTree = "<group>"; };
		8B6E99A927E10268002794D6 /* PurchasesAPIService.swift */ = {isa = PBXFileReference; lastKnownFileType = sourcecode.swift; path = PurchasesAPIService.swift; sourceTree = "<group>"; };
		8B6E99AD27E1027D002794D6 /* PurchasesViewController.swift */ = {isa = PBXFileReference; lastKnownFileType = sourcecode.swift; path = PurchasesViewController.swift; sourceTree = "<group>"; };
		8B6E99B127E1163E002794D6 /* PurchasesDataSource.swift */ = {isa = PBXFileReference; lastKnownFileType = sourcecode.swift; path = PurchasesDataSource.swift; sourceTree = "<group>"; };
		8B6E99B527E12233002794D6 /* PurchaseTableViewCell.swift */ = {isa = PBXFileReference; lastKnownFileType = sourcecode.swift; path = PurchaseTableViewCell.swift; sourceTree = "<group>"; };
		8B6E99B927E13203002794D6 /* AboutPurchasesViewController.swift */ = {isa = PBXFileReference; lastKnownFileType = sourcecode.swift; path = AboutPurchasesViewController.swift; sourceTree = "<group>"; };
		8B6E99BE27E1546A002794D6 /* String+Utilities.swift */ = {isa = PBXFileReference; lastKnownFileType = sourcecode.swift; path = "String+Utilities.swift"; sourceTree = "<group>"; };
		8BFB253727DFA057007CFE00 /* UserProfile.app */ = {isa = PBXFileReference; explicitFileType = wrapper.application; includeInIndex = 0; path = UserProfile.app; sourceTree = BUILT_PRODUCTS_DIR; };
		8BFB253A27DFA057007CFE00 /* AppDelegate.swift */ = {isa = PBXFileReference; lastKnownFileType = sourcecode.swift; path = AppDelegate.swift; sourceTree = "<group>"; };
		8BFB253C27DFA057007CFE00 /* SceneDelegate.swift */ = {isa = PBXFileReference; lastKnownFileType = sourcecode.swift; path = SceneDelegate.swift; sourceTree = "<group>"; };
		8BFB253E27DFA057007CFE00 /* ViewController.swift */ = {isa = PBXFileReference; lastKnownFileType = sourcecode.swift; path = ViewController.swift; sourceTree = "<group>"; };
		8BFB254127DFA057007CFE00 /* Base */ = {isa = PBXFileReference; lastKnownFileType = file.storyboard; name = Base; path = Base.lproj/Main.storyboard; sourceTree = "<group>"; };
		8BFB254427DFA057007CFE00 /* UserProfile.xcdatamodel */ = {isa = PBXFileReference; lastKnownFileType = wrapper.xcdatamodel; path = UserProfile.xcdatamodel; sourceTree = "<group>"; };
		8BFB254627DFA058007CFE00 /* Assets.xcassets */ = {isa = PBXFileReference; lastKnownFileType = folder.assetcatalog; path = Assets.xcassets; sourceTree = "<group>"; };
		8BFB254927DFA058007CFE00 /* Base */ = {isa = PBXFileReference; lastKnownFileType = file.storyboard; name = Base; path = Base.lproj/LaunchScreen.storyboard; sourceTree = "<group>"; };
		8BFB254B27DFA058007CFE00 /* Info.plist */ = {isa = PBXFileReference; lastKnownFileType = text.plist.xml; path = Info.plist; sourceTree = "<group>"; };
		8BFB255027DFA058007CFE00 /* UserProfileTests.xctest */ = {isa = PBXFileReference; explicitFileType = wrapper.cfbundle; includeInIndex = 0; path = UserProfileTests.xctest; sourceTree = BUILT_PRODUCTS_DIR; };
		8BFB255427DFA058007CFE00 /* UserProfileTests.swift */ = {isa = PBXFileReference; lastKnownFileType = sourcecode.swift; path = UserProfileTests.swift; sourceTree = "<group>"; };
		8BFB255A27DFA058007CFE00 /* UserProfileUITests.xctest */ = {isa = PBXFileReference; explicitFileType = wrapper.cfbundle; includeInIndex = 0; path = UserProfileUITests.xctest; sourceTree = BUILT_PRODUCTS_DIR; };
		8BFB255E27DFA058007CFE00 /* UserProfileUITests.swift */ = {isa = PBXFileReference; lastKnownFileType = sourcecode.swift; path = UserProfileUITests.swift; sourceTree = "<group>"; };
		8BFB256027DFA058007CFE00 /* UserProfileUITestsLaunchTests.swift */ = {isa = PBXFileReference; lastKnownFileType = sourcecode.swift; path = UserProfileUITestsLaunchTests.swift; sourceTree = "<group>"; };
		8BFB256F27DFAD7B007CFE00 /* UPUser+CoreDataClass.swift */ = {isa = PBXFileReference; lastKnownFileType = sourcecode.swift; path = "UPUser+CoreDataClass.swift"; sourceTree = "<group>"; };
		8BFB257027DFAD7B007CFE00 /* UPUser+CoreDataProperties.swift */ = {isa = PBXFileReference; lastKnownFileType = sourcecode.swift; path = "UPUser+CoreDataProperties.swift"; sourceTree = "<group>"; };
		8BFB257127DFAD7B007CFE00 /* UPPurchase+CoreDataClass.swift */ = {isa = PBXFileReference; lastKnownFileType = sourcecode.swift; path = "UPPurchase+CoreDataClass.swift"; sourceTree = "<group>"; };
		8BFB257227DFAD7B007CFE00 /* UPPurchase+CoreDataProperties.swift */ = {isa = PBXFileReference; lastKnownFileType = sourcecode.swift; path = "UPPurchase+CoreDataProperties.swift"; sourceTree = "<group>"; };
		8BFB257F27DFADC2007CFE00 /* CoreDataManager.swift */ = {isa = PBXFileReference; lastKnownFileType = sourcecode.swift; path = CoreDataManager.swift; sourceTree = "<group>"; };
		8BFB258427DFAE6E007CFE00 /* BaseAPIService.swift */ = {isa = PBXFileReference; lastKnownFileType = sourcecode.swift; path = BaseAPIService.swift; sourceTree = "<group>"; };
		8BFB258827DFB41D007CFE00 /* Constants.swift */ = {isa = PBXFileReference; lastKnownFileType = sourcecode.swift; path = Constants.swift; sourceTree = "<group>"; };
		8BFB258E27DFCF24007CFE00 /* UserViewModel.swift */ = {isa = PBXFileReference; lastKnownFileType = sourcecode.swift; path = UserViewModel.swift; sourceTree = "<group>"; };
		8BFB259227DFCF9E007CFE00 /* UserAPIService.swift */ = {isa = PBXFileReference; lastKnownFileType = sourcecode.swift; path = UserAPIService.swift; sourceTree = "<group>"; };
		8BFB259627DFD14C007CFE00 /* UserViewController.swift */ = {isa = PBXFileReference; lastKnownFileType = sourcecode.swift; path = UserViewController.swift; sourceTree = "<group>"; };
/* End PBXFileReference section */

/* Begin PBXFrameworksBuildPhase section */
		8BFB253427DFA057007CFE00 /* Frameworks */ = {
			isa = PBXFrameworksBuildPhase;
			buildActionMask = 2147483647;
			files = (
				8BCDE39627E01EA600C15F59 /* SDWebImage in Frameworks */,
			);
			runOnlyForDeploymentPostprocessing = 0;
		};
		8BFB254D27DFA058007CFE00 /* Frameworks */ = {
			isa = PBXFrameworksBuildPhase;
			buildActionMask = 2147483647;
			files = (
			);
			runOnlyForDeploymentPostprocessing = 0;
		};
		8BFB255727DFA058007CFE00 /* Frameworks */ = {
			isa = PBXFrameworksBuildPhase;
			buildActionMask = 2147483647;
			files = (
			);
			runOnlyForDeploymentPostprocessing = 0;
		};
/* End PBXFrameworksBuildPhase section */

/* Begin PBXGroup section */
		8B6E99BD27E15454002794D6 /* Helpers */ = {
			isa = PBXGroup;
			children = (
				8B6E99BE27E1546A002794D6 /* String+Utilities.swift */,
				8B357B7227EC1E2500B348EB /* JSONData.swift */,
			);
			path = Helpers;
			sourceTree = "<group>";
		};
		8BFB252E27DFA057007CFE00 = {
			isa = PBXGroup;
			children = (
				8BFB253927DFA057007CFE00 /* UserProfile */,
				8BFB255327DFA058007CFE00 /* UserProfileTests */,
				8BFB255D27DFA058007CFE00 /* UserProfileUITests */,
				8BFB253827DFA057007CFE00 /* Products */,
			);
			sourceTree = "<group>";
		};
		8BFB253827DFA057007CFE00 /* Products */ = {
			isa = PBXGroup;
			children = (
				8BFB253727DFA057007CFE00 /* UserProfile.app */,
				8BFB255027DFA058007CFE00 /* UserProfileTests.xctest */,
				8BFB255A27DFA058007CFE00 /* UserProfileUITests.xctest */,
			);
			name = Products;
			sourceTree = "<group>";
		};
		8BFB253927DFA057007CFE00 /* UserProfile */ = {
			isa = PBXGroup;
			children = (
				8BFB258327DFAE5C007CFE00 /* Base */,
				8B6E99BD27E15454002794D6 /* Helpers */,
				8BFB258C27DFCE43007CFE00 /* User */,
				8BFB258D27DFCE4C007CFE00 /* Purchases */,
				8BFB256E27DFA716007CFE00 /* Core Data */,
				8BFB253A27DFA057007CFE00 /* AppDelegate.swift */,
				8BFB258827DFB41D007CFE00 /* Constants.swift */,
				8BFB253C27DFA057007CFE00 /* SceneDelegate.swift */,
				8BFB253E27DFA057007CFE00 /* ViewController.swift */,
				8BFB254027DFA057007CFE00 /* Main.storyboard */,
				8BFB254627DFA058007CFE00 /* Assets.xcassets */,
				8BFB254827DFA058007CFE00 /* LaunchScreen.storyboard */,
				8BFB254B27DFA058007CFE00 /* Info.plist */,
			);
			path = UserProfile;
			sourceTree = "<group>";
		};
		8BFB255327DFA058007CFE00 /* UserProfileTests */ = {
			isa = PBXGroup;
			children = (
				8BFB255427DFA058007CFE00 /* UserProfileTests.swift */,
			);
			path = UserProfileTests;
			sourceTree = "<group>";
		};
		8BFB255D27DFA058007CFE00 /* UserProfileUITests */ = {
			isa = PBXGroup;
			children = (
				8BFB255E27DFA058007CFE00 /* UserProfileUITests.swift */,
				8BFB256027DFA058007CFE00 /* UserProfileUITestsLaunchTests.swift */,
			);
			path = UserProfileUITests;
			sourceTree = "<group>";
		};
		8BFB256E27DFA716007CFE00 /* Core Data */ = {
			isa = PBXGroup;
			children = (
				8BFB257F27DFADC2007CFE00 /* CoreDataManager.swift */,
				8B357B7527EC217B00B348EB /* CoreDataManager+Sync.swift */,
				8BFB256F27DFAD7B007CFE00 /* UPUser+CoreDataClass.swift */,
				8BFB257027DFAD7B007CFE00 /* UPUser+CoreDataProperties.swift */,
				8BFB257127DFAD7B007CFE00 /* UPPurchase+CoreDataClass.swift */,
				8BFB257227DFAD7B007CFE00 /* UPPurchase+CoreDataProperties.swift */,
				8BFB254327DFA057007CFE00 /* UserProfile.xcdatamodeld */,
			);
			path = "Core Data";
			sourceTree = "<group>";
		};
		8BFB258327DFAE5C007CFE00 /* Base */ = {
			isa = PBXGroup;
			children = (
				8BFB258427DFAE6E007CFE00 /* BaseAPIService.swift */,
				8B5D960827E043CA002E95C0 /* BaseViewModel.swift */,
			);
			path = Base;
			sourceTree = "<group>";
		};
		8BFB258C27DFCE43007CFE00 /* User */ = {
			isa = PBXGroup;
			children = (
				8BFB259227DFCF9E007CFE00 /* UserAPIService.swift */,
				8BFB258E27DFCF24007CFE00 /* UserViewModel.swift */,
				8BFB259627DFD14C007CFE00 /* UserViewController.swift */,
			);
			path = User;
			sourceTree = "<group>";
		};
		8BFB258D27DFCE4C007CFE00 /* Purchases */ = {
			isa = PBXGroup;
			children = (
				8B6E99A927E10268002794D6 /* PurchasesAPIService.swift */,
				8B6E99A527E10256002794D6 /* PurchasesViewModel.swift */,
				8B6E99AD27E1027D002794D6 /* PurchasesViewController.swift */,
				8B6E99B127E1163E002794D6 /* PurchasesDataSource.swift */,
				8B6E99B527E12233002794D6 /* PurchaseTableViewCell.swift */,
				8B6E99B927E13203002794D6 /* AboutPurchasesViewController.swift */,
			);
			path = Purchases;
			sourceTree = "<group>";
		};
/* End PBXGroup section */

/* Begin PBXNativeTarget section */
		8BFB253627DFA057007CFE00 /* UserProfile */ = {
			isa = PBXNativeTarget;
			buildConfigurationList = 8BFB256427DFA058007CFE00 /* Build configuration list for PBXNativeTarget "UserProfile" */;
			buildPhases = (
				8BFB253327DFA057007CFE00 /* Sources */,
				8BFB253427DFA057007CFE00 /* Frameworks */,
				8BFB253527DFA057007CFE00 /* Resources */,
			);
			buildRules = (
			);
			dependencies = (
			);
			name = UserProfile;
			packageProductDependencies = (
				8BCDE39527E01EA600C15F59 /* SDWebImage */,
			);
			productName = UserProfile;
			productReference = 8BFB253727DFA057007CFE00 /* UserProfile.app */;
			productType = "com.apple.product-type.application";
		};
		8BFB254F27DFA058007CFE00 /* UserProfileTests */ = {
			isa = PBXNativeTarget;
			buildConfigurationList = 8BFB256727DFA058007CFE00 /* Build configuration list for PBXNativeTarget "UserProfileTests" */;
			buildPhases = (
				8BFB254C27DFA058007CFE00 /* Sources */,
				8BFB254D27DFA058007CFE00 /* Frameworks */,
				8BFB254E27DFA058007CFE00 /* Resources */,
			);
			buildRules = (
			);
			dependencies = (
				8BFB255227DFA058007CFE00 /* PBXTargetDependency */,
			);
			name = UserProfileTests;
			productName = UserProfileTests;
			productReference = 8BFB255027DFA058007CFE00 /* UserProfileTests.xctest */;
			productType = "com.apple.product-type.bundle.unit-test";
		};
		8BFB255927DFA058007CFE00 /* UserProfileUITests */ = {
			isa = PBXNativeTarget;
			buildConfigurationList = 8BFB256A27DFA058007CFE00 /* Build configuration list for PBXNativeTarget "UserProfileUITests" */;
			buildPhases = (
				8BFB255627DFA058007CFE00 /* Sources */,
				8BFB255727DFA058007CFE00 /* Frameworks */,
				8BFB255827DFA058007CFE00 /* Resources */,
			);
			buildRules = (
			);
			dependencies = (
				8BFB255C27DFA058007CFE00 /* PBXTargetDependency */,
			);
			name = UserProfileUITests;
			productName = UserProfileUITests;
			productReference = 8BFB255A27DFA058007CFE00 /* UserProfileUITests.xctest */;
			productType = "com.apple.product-type.bundle.ui-testing";
		};
/* End PBXNativeTarget section */

/* Begin PBXProject section */
		8BFB252F27DFA057007CFE00 /* Project object */ = {
			isa = PBXProject;
			attributes = {
				BuildIndependentTargetsInParallel = 1;
				LastSwiftUpdateCheck = 1320;
				LastUpgradeCheck = 1320;
				TargetAttributes = {
					8BFB253627DFA057007CFE00 = {
						CreatedOnToolsVersion = 13.2.1;
					};
					8BFB254F27DFA058007CFE00 = {
						CreatedOnToolsVersion = 13.2.1;
						TestTargetID = 8BFB253627DFA057007CFE00;
					};
					8BFB255927DFA058007CFE00 = {
						CreatedOnToolsVersion = 13.2.1;
						TestTargetID = 8BFB253627DFA057007CFE00;
					};
				};
			};
			buildConfigurationList = 8BFB253227DFA057007CFE00 /* Build configuration list for PBXProject "UserProfile" */;
			compatibilityVersion = "Xcode 13.0";
			developmentRegion = en;
			hasScannedForEncodings = 0;
			knownRegions = (
				en,
				Base,
			);
			mainGroup = 8BFB252E27DFA057007CFE00;
			packageReferences = (
				8BCDE39427E01EA600C15F59 /* XCRemoteSwiftPackageReference "SDWebImage" */,
			);
			productRefGroup = 8BFB253827DFA057007CFE00 /* Products */;
			projectDirPath = "";
			projectRoot = "";
			targets = (
				8BFB253627DFA057007CFE00 /* UserProfile */,
				8BFB254F27DFA058007CFE00 /* UserProfileTests */,
				8BFB255927DFA058007CFE00 /* UserProfileUITests */,
			);
		};
/* End PBXProject section */

/* Begin PBXResourcesBuildPhase section */
		8BFB253527DFA057007CFE00 /* Resources */ = {
			isa = PBXResourcesBuildPhase;
			buildActionMask = 2147483647;
			files = (
				8BFB254A27DFA058007CFE00 /* LaunchScreen.storyboard in Resources */,
				8BFB254727DFA058007CFE00 /* Assets.xcassets in Resources */,
				8BFB254227DFA057007CFE00 /* Main.storyboard in Resources */,
			);
			runOnlyForDeploymentPostprocessing = 0;
		};
		8BFB254E27DFA058007CFE00 /* Resources */ = {
			isa = PBXResourcesBuildPhase;
			buildActionMask = 2147483647;
			files = (
			);
			runOnlyForDeploymentPostprocessing = 0;
		};
		8BFB255827DFA058007CFE00 /* Resources */ = {
			isa = PBXResourcesBuildPhase;
			buildActionMask = 2147483647;
			files = (
			);
			runOnlyForDeploymentPostprocessing = 0;
		};
/* End PBXResourcesBuildPhase section */

/* Begin PBXSourcesBuildPhase section */
		8BFB253327DFA057007CFE00 /* Sources */ = {
			isa = PBXSourcesBuildPhase;
			buildActionMask = 2147483647;
			files = (
				8B357B7327EC1E2500B348EB /* JSONData.swift in Sources */,
				8BFB254527DFA057007CFE00 /* UserProfile.xcdatamodeld in Sources */,
				8BFB258F27DFCF24007CFE00 /* UserViewModel.swift in Sources */,
				8BFB258927DFB41D007CFE00 /* Constants.swift in Sources */,
				8B6E99B227E1163E002794D6 /* PurchasesDataSource.swift in Sources */,
				8B6E99B627E12233002794D6 /* PurchaseTableViewCell.swift in Sources */,
				8B6E99BF27E1546A002794D6 /* String+Utilities.swift in Sources */,
				8BFB257C27DFAD7B007CFE00 /* UPPurchase+CoreDataProperties.swift in Sources */,
				8B6E99BA27E13203002794D6 /* AboutPurchasesViewController.swift in Sources */,
				8BFB258527DFAE6E007CFE00 /* BaseAPIService.swift in Sources */,
				8BFB257927DFAD7B007CFE00 /* UPPurchase+CoreDataClass.swift in Sources */,
				8B357B7627EC217B00B348EB /* CoreDataManager+Sync.swift in Sources */,
				8BFB259327DFCF9E007CFE00 /* UserAPIService.swift in Sources */,
				8BFB259727DFD14C007CFE00 /* UserViewController.swift in Sources */,
				8BFB253F27DFA057007CFE00 /* ViewController.swift in Sources */,
				8B6E99AE27E1027D002794D6 /* PurchasesViewController.swift in Sources */,
				8BFB253B27DFA057007CFE00 /* AppDelegate.swift in Sources */,
				8BFB257327DFAD7B007CFE00 /* UPUser+CoreDataClass.swift in Sources */,
				8B5D960927E043CA002E95C0 /* BaseViewModel.swift in Sources */,
				8BFB258027DFADC2007CFE00 /* CoreDataManager.swift in Sources */,
				8B6E99A627E10256002794D6 /* PurchasesViewModel.swift in Sources */,
				8B6E99AA27E10268002794D6 /* PurchasesAPIService.swift in Sources */,
				8BFB253D27DFA057007CFE00 /* SceneDelegate.swift in Sources */,
				8BFB257627DFAD7B007CFE00 /* UPUser+CoreDataProperties.swift in Sources */,
			);
			runOnlyForDeploymentPostprocessing = 0;
		};
		8BFB254C27DFA058007CFE00 /* Sources */ = {
			isa = PBXSourcesBuildPhase;
			buildActionMask = 2147483647;
			files = (
				8B6E99BB27E13203002794D6 /* AboutPurchasesViewController.swift in Sources */,
				8B6E99C027E15A2E002794D6 /* Constants.swift in Sources */,
				8BFB258127DFADC2007CFE00 /* CoreDataManager.swift in Sources */,
				8B5D960A27E043CA002E95C0 /* BaseViewModel.swift in Sources */,
				8B6E99B327E1163E002794D6 /* PurchasesDataSource.swift in Sources */,
				8BFB255527DFA058007CFE00 /* UserProfileTests.swift in Sources */,
				8B6E99C227E15A4D002794D6 /* String+Utilities.swift in Sources */,
				8B6E99AB27E10268002794D6 /* PurchasesAPIService.swift in Sources */,
				8BFB257D27DFAD7B007CFE00 /* UPPurchase+CoreDataProperties.swift in Sources */,
				8BFB257A27DFAD7B007CFE00 /* UPPurchase+CoreDataClass.swift in Sources */,
				8BFB257427DFAD7B007CFE00 /* UPUser+CoreDataClass.swift in Sources */,
				8BFB257727DFAD7B007CFE00 /* UPUser+CoreDataProperties.swift in Sources */,
				8BFB258627DFAE6E007CFE00 /* BaseAPIService.swift in Sources */,
				8B6E99A727E10256002794D6 /* PurchasesViewModel.swift in Sources */,
				8BFB259027DFCF24007CFE00 /* UserViewModel.swift in Sources */,
				8BFB259427DFCF9E007CFE00 /* UserAPIService.swift in Sources */,
			);
			runOnlyForDeploymentPostprocessing = 0;
		};
		8BFB255627DFA058007CFE00 /* Sources */ = {
			isa = PBXSourcesBuildPhase;
			buildActionMask = 2147483647;
			files = (
				8BFB258727DFAE6E007CFE00 /* BaseAPIService.swift in Sources */,
				8B6E99A827E10256002794D6 /* PurchasesViewModel.swift in Sources */,
				8BFB255F27DFA058007CFE00 /* UserProfileUITests.swift in Sources */,
				8BFB257E27DFAD7B007CFE00 /* UPPurchase+CoreDataProperties.swift in Sources */,
				8BFB259127DFCF24007CFE00 /* UserViewModel.swift in Sources */,
				8B5D960B27E043CA002E95C0 /* BaseViewModel.swift in Sources */,
				8B357B7727EC217B00B348EB /* CoreDataManager+Sync.swift in Sources */,
				8BFB257827DFAD7B007CFE00 /* UPUser+CoreDataProperties.swift in Sources */,
				8BFB259527DFCF9E007CFE00 /* UserAPIService.swift in Sources */,
				8BFB256127DFA058007CFE00 /* UserProfileUITestsLaunchTests.swift in Sources */,
				8BFB257527DFAD7B007CFE00 /* UPUser+CoreDataClass.swift in Sources */,
				8B6E99C327E15A4E002794D6 /* String+Utilities.swift in Sources */,
				8B6E99AC27E10268002794D6 /* PurchasesAPIService.swift in Sources */,
				8B6E99B427E1163E002794D6 /* PurchasesDataSource.swift in Sources */,
				8B6E99BC27E13203002794D6 /* AboutPurchasesViewController.swift in Sources */,
				8BFB258227DFADC2007CFE00 /* CoreDataManager.swift in Sources */,
				8BFB257B27DFAD7B007CFE00 /* UPPurchase+CoreDataClass.swift in Sources */,
				8B6E99C127E15A2F002794D6 /* Constants.swift in Sources */,
				8B357B7427EC1E2500B348EB /* JSONData.swift in Sources */,
			);
			runOnlyForDeploymentPostprocessing = 0;
		};
/* End PBXSourcesBuildPhase section */

/* Begin PBXTargetDependency section */
		8BFB255227DFA058007CFE00 /* PBXTargetDependency */ = {
			isa = PBXTargetDependency;
			target = 8BFB253627DFA057007CFE00 /* UserProfile */;
			targetProxy = 8BFB255127DFA058007CFE00 /* PBXContainerItemProxy */;
		};
		8BFB255C27DFA058007CFE00 /* PBXTargetDependency */ = {
			isa = PBXTargetDependency;
			target = 8BFB253627DFA057007CFE00 /* UserProfile */;
			targetProxy = 8BFB255B27DFA058007CFE00 /* PBXContainerItemProxy */;
		};
/* End PBXTargetDependency section */

/* Begin PBXVariantGroup section */
		8BFB254027DFA057007CFE00 /* Main.storyboard */ = {
			isa = PBXVariantGroup;
			children = (
				8BFB254127DFA057007CFE00 /* Base */,
			);
			name = Main.storyboard;
			sourceTree = "<group>";
		};
		8BFB254827DFA058007CFE00 /* LaunchScreen.storyboard */ = {
			isa = PBXVariantGroup;
			children = (
				8BFB254927DFA058007CFE00 /* Base */,
			);
			name = LaunchScreen.storyboard;
			sourceTree = "<group>";
		};
/* End PBXVariantGroup section */

/* Begin XCBuildConfiguration section */
		8BFB256227DFA058007CFE00 /* Debug */ = {
			isa = XCBuildConfiguration;
			buildSettings = {
				ALWAYS_SEARCH_USER_PATHS = NO;
				CLANG_ANALYZER_NONNULL = YES;
				CLANG_ANALYZER_NUMBER_OBJECT_CONVERSION = YES_AGGRESSIVE;
				CLANG_CXX_LANGUAGE_STANDARD = "gnu++17";
				CLANG_CXX_LIBRARY = "libc++";
				CLANG_ENABLE_MODULES = YES;
				CLANG_ENABLE_OBJC_ARC = YES;
				CLANG_ENABLE_OBJC_WEAK = YES;
				CLANG_WARN_BLOCK_CAPTURE_AUTORELEASING = YES;
				CLANG_WARN_BOOL_CONVERSION = YES;
				CLANG_WARN_COMMA = YES;
				CLANG_WARN_CONSTANT_CONVERSION = YES;
				CLANG_WARN_DEPRECATED_OBJC_IMPLEMENTATIONS = YES;
				CLANG_WARN_DIRECT_OBJC_ISA_USAGE = YES_ERROR;
				CLANG_WARN_DOCUMENTATION_COMMENTS = YES;
				CLANG_WARN_EMPTY_BODY = YES;
				CLANG_WARN_ENUM_CONVERSION = YES;
				CLANG_WARN_INFINITE_RECURSION = YES;
				CLANG_WARN_INT_CONVERSION = YES;
				CLANG_WARN_NON_LITERAL_NULL_CONVERSION = YES;
				CLANG_WARN_OBJC_IMPLICIT_RETAIN_SELF = YES;
				CLANG_WARN_OBJC_LITERAL_CONVERSION = YES;
				CLANG_WARN_OBJC_ROOT_CLASS = YES_ERROR;
				CLANG_WARN_QUOTED_INCLUDE_IN_FRAMEWORK_HEADER = YES;
				CLANG_WARN_RANGE_LOOP_ANALYSIS = YES;
				CLANG_WARN_STRICT_PROTOTYPES = YES;
				CLANG_WARN_SUSPICIOUS_MOVE = YES;
				CLANG_WARN_UNGUARDED_AVAILABILITY = YES_AGGRESSIVE;
				CLANG_WARN_UNREACHABLE_CODE = YES;
				CLANG_WARN__DUPLICATE_METHOD_MATCH = YES;
				COPY_PHASE_STRIP = NO;
				DEBUG_INFORMATION_FORMAT = dwarf;
				ENABLE_STRICT_OBJC_MSGSEND = YES;
				ENABLE_TESTABILITY = YES;
				GCC_C_LANGUAGE_STANDARD = gnu11;
				GCC_DYNAMIC_NO_PIC = NO;
				GCC_NO_COMMON_BLOCKS = YES;
				GCC_OPTIMIZATION_LEVEL = 0;
				GCC_PREPROCESSOR_DEFINITIONS = (
					"DEBUG=1",
					"$(inherited)",
				);
				GCC_WARN_64_TO_32_BIT_CONVERSION = YES;
				GCC_WARN_ABOUT_RETURN_TYPE = YES_ERROR;
				GCC_WARN_UNDECLARED_SELECTOR = YES;
				GCC_WARN_UNINITIALIZED_AUTOS = YES_AGGRESSIVE;
				GCC_WARN_UNUSED_FUNCTION = YES;
				GCC_WARN_UNUSED_VARIABLE = YES;
				IPHONEOS_DEPLOYMENT_TARGET = 15.2;
				MTL_ENABLE_DEBUG_INFO = INCLUDE_SOURCE;
				MTL_FAST_MATH = YES;
				ONLY_ACTIVE_ARCH = YES;
				SDKROOT = iphoneos;
				SWIFT_ACTIVE_COMPILATION_CONDITIONS = DEBUG;
				SWIFT_OPTIMIZATION_LEVEL = "-Onone";
			};
			name = Debug;
		};
		8BFB256327DFA058007CFE00 /* Release */ = {
			isa = XCBuildConfiguration;
			buildSettings = {
				ALWAYS_SEARCH_USER_PATHS = NO;
				CLANG_ANALYZER_NONNULL = YES;
				CLANG_ANALYZER_NUMBER_OBJECT_CONVERSION = YES_AGGRESSIVE;
				CLANG_CXX_LANGUAGE_STANDARD = "gnu++17";
				CLANG_CXX_LIBRARY = "libc++";
				CLANG_ENABLE_MODULES = YES;
				CLANG_ENABLE_OBJC_ARC = YES;
				CLANG_ENABLE_OBJC_WEAK = YES;
				CLANG_WARN_BLOCK_CAPTURE_AUTORELEASING = YES;
				CLANG_WARN_BOOL_CONVERSION = YES;
				CLANG_WARN_COMMA = YES;
				CLANG_WARN_CONSTANT_CONVERSION = YES;
				CLANG_WARN_DEPRECATED_OBJC_IMPLEMENTATIONS = YES;
				CLANG_WARN_DIRECT_OBJC_ISA_USAGE = YES_ERROR;
				CLANG_WARN_DOCUMENTATION_COMMENTS = YES;
				CLANG_WARN_EMPTY_BODY = YES;
				CLANG_WARN_ENUM_CONVERSION = YES;
				CLANG_WARN_INFINITE_RECURSION = YES;
				CLANG_WARN_INT_CONVERSION = YES;
				CLANG_WARN_NON_LITERAL_NULL_CONVERSION = YES;
				CLANG_WARN_OBJC_IMPLICIT_RETAIN_SELF = YES;
				CLANG_WARN_OBJC_LITERAL_CONVERSION = YES;
				CLANG_WARN_OBJC_ROOT_CLASS = YES_ERROR;
				CLANG_WARN_QUOTED_INCLUDE_IN_FRAMEWORK_HEADER = YES;
				CLANG_WARN_RANGE_LOOP_ANALYSIS = YES;
				CLANG_WARN_STRICT_PROTOTYPES = YES;
				CLANG_WARN_SUSPICIOUS_MOVE = YES;
				CLANG_WARN_UNGUARDED_AVAILABILITY = YES_AGGRESSIVE;
				CLANG_WARN_UNREACHABLE_CODE = YES;
				CLANG_WARN__DUPLICATE_METHOD_MATCH = YES;
				COPY_PHASE_STRIP = NO;
				DEBUG_INFORMATION_FORMAT = "dwarf-with-dsym";
				ENABLE_NS_ASSERTIONS = NO;
				ENABLE_STRICT_OBJC_MSGSEND = YES;
				GCC_C_LANGUAGE_STANDARD = gnu11;
				GCC_NO_COMMON_BLOCKS = YES;
				GCC_WARN_64_TO_32_BIT_CONVERSION = YES;
				GCC_WARN_ABOUT_RETURN_TYPE = YES_ERROR;
				GCC_WARN_UNDECLARED_SELECTOR = YES;
				GCC_WARN_UNINITIALIZED_AUTOS = YES_AGGRESSIVE;
				GCC_WARN_UNUSED_FUNCTION = YES;
				GCC_WARN_UNUSED_VARIABLE = YES;
				IPHONEOS_DEPLOYMENT_TARGET = 15.2;
				MTL_ENABLE_DEBUG_INFO = NO;
				MTL_FAST_MATH = YES;
				SDKROOT = iphoneos;
				SWIFT_COMPILATION_MODE = wholemodule;
				SWIFT_OPTIMIZATION_LEVEL = "-O";
				VALIDATE_PRODUCT = YES;
			};
			name = Release;
		};
		8BFB256527DFA058007CFE00 /* Debug */ = {
			isa = XCBuildConfiguration;
			buildSettings = {
				ASSETCATALOG_COMPILER_APPICON_NAME = AppIcon;
				ASSETCATALOG_COMPILER_GLOBAL_ACCENT_COLOR_NAME = AccentColor;
				CODE_SIGN_STYLE = Automatic;
				CURRENT_PROJECT_VERSION = 1;
				GENERATE_INFOPLIST_FILE = YES;
				INFOPLIST_FILE = UserProfile/Info.plist;
				INFOPLIST_KEY_UIApplicationSupportsIndirectInputEvents = YES;
				INFOPLIST_KEY_UILaunchStoryboardName = LaunchScreen;
				INFOPLIST_KEY_UIMainStoryboardFile = Main;
				INFOPLIST_KEY_UISupportedInterfaceOrientations = UIInterfaceOrientationPortrait;
				INFOPLIST_KEY_UISupportedInterfaceOrientations_iPad = "UIInterfaceOrientationPortrait UIInterfaceOrientationPortraitUpsideDown UIInterfaceOrientationLandscapeLeft UIInterfaceOrientationLandscapeRight";
				INFOPLIST_KEY_UISupportedInterfaceOrientations_iPhone = "UIInterfaceOrientationPortrait UIInterfaceOrientationLandscapeLeft UIInterfaceOrientationLandscapeRight";
				LD_RUNPATH_SEARCH_PATHS = (
					"$(inherited)",
					"@executable_path/Frameworks",
				);
				MARKETING_VERSION = 1.0;
				PRODUCT_BUNDLE_IDENTIFIER = com.vitoroyeca.idme.UserProfile;
				PRODUCT_NAME = "$(TARGET_NAME)";
				SWIFT_EMIT_LOC_STRINGS = YES;
				SWIFT_VERSION = 5.0;
				TARGETED_DEVICE_FAMILY = 1;
			};
			name = Debug;
		};
		8BFB256627DFA058007CFE00 /* Release */ = {
			isa = XCBuildConfiguration;
			buildSettings = {
				ASSETCATALOG_COMPILER_APPICON_NAME = AppIcon;
				ASSETCATALOG_COMPILER_GLOBAL_ACCENT_COLOR_NAME = AccentColor;
				CODE_SIGN_STYLE = Automatic;
				CURRENT_PROJECT_VERSION = 1;
				GENERATE_INFOPLIST_FILE = YES;
				INFOPLIST_FILE = UserProfile/Info.plist;
				INFOPLIST_KEY_UIApplicationSupportsIndirectInputEvents = YES;
				INFOPLIST_KEY_UILaunchStoryboardName = LaunchScreen;
				INFOPLIST_KEY_UIMainStoryboardFile = Main;
				INFOPLIST_KEY_UISupportedInterfaceOrientations = UIInterfaceOrientationPortrait;
				INFOPLIST_KEY_UISupportedInterfaceOrientations_iPad = "UIInterfaceOrientationPortrait UIInterfaceOrientationPortraitUpsideDown UIInterfaceOrientationLandscapeLeft UIInterfaceOrientationLandscapeRight";
				INFOPLIST_KEY_UISupportedInterfaceOrientations_iPhone = "UIInterfaceOrientationPortrait UIInterfaceOrientationLandscapeLeft UIInterfaceOrientationLandscapeRight";
				LD_RUNPATH_SEARCH_PATHS = (
					"$(inherited)",
					"@executable_path/Frameworks",
				);
				MARKETING_VERSION = 1.0;
				PRODUCT_BUNDLE_IDENTIFIER = com.vitoroyeca.idme.UserProfile;
				PRODUCT_NAME = "$(TARGET_NAME)";
				SWIFT_EMIT_LOC_STRINGS = YES;
				SWIFT_VERSION = 5.0;
				TARGETED_DEVICE_FAMILY = 1;
			};
			name = Release;
		};
		8BFB256827DFA058007CFE00 /* Debug */ = {
			isa = XCBuildConfiguration;
			buildSettings = {
				ALWAYS_EMBED_SWIFT_STANDARD_LIBRARIES = YES;
				BUNDLE_LOADER = "$(TEST_HOST)";
				CODE_SIGN_STYLE = Automatic;
				CURRENT_PROJECT_VERSION = 1;
				GENERATE_INFOPLIST_FILE = YES;
				IPHONEOS_DEPLOYMENT_TARGET = 15.2;
				MARKETING_VERSION = 1.0;
				PRODUCT_BUNDLE_IDENTIFIER = com.vitoroyeca.idme.UserProfileTests;
				PRODUCT_NAME = "$(TARGET_NAME)";
				SWIFT_EMIT_LOC_STRINGS = NO;
				SWIFT_VERSION = 5.0;
				TARGETED_DEVICE_FAMILY = "1,2";
				TEST_HOST = "$(BUILT_PRODUCTS_DIR)/UserProfile.app/UserProfile";
			};
			name = Debug;
		};
		8BFB256927DFA058007CFE00 /* Release */ = {
			isa = XCBuildConfiguration;
			buildSettings = {
				ALWAYS_EMBED_SWIFT_STANDARD_LIBRARIES = YES;
				BUNDLE_LOADER = "$(TEST_HOST)";
				CODE_SIGN_STYLE = Automatic;
				CURRENT_PROJECT_VERSION = 1;
				GENERATE_INFOPLIST_FILE = YES;
				IPHONEOS_DEPLOYMENT_TARGET = 15.2;
				MARKETING_VERSION = 1.0;
				PRODUCT_BUNDLE_IDENTIFIER = com.vitoroyeca.idme.UserProfileTests;
				PRODUCT_NAME = "$(TARGET_NAME)";
				SWIFT_EMIT_LOC_STRINGS = NO;
				SWIFT_VERSION = 5.0;
				TARGETED_DEVICE_FAMILY = "1,2";
				TEST_HOST = "$(BUILT_PRODUCTS_DIR)/UserProfile.app/UserProfile";
			};
			name = Release;
		};
		8BFB256B27DFA058007CFE00 /* Debug */ = {
			isa = XCBuildConfiguration;
			buildSettings = {
				ALWAYS_EMBED_SWIFT_STANDARD_LIBRARIES = YES;
				CODE_SIGN_STYLE = Automatic;
				CURRENT_PROJECT_VERSION = 1;
				GENERATE_INFOPLIST_FILE = YES;
				MARKETING_VERSION = 1.0;
				PRODUCT_BUNDLE_IDENTIFIER = com.vitoroyeca.idme.UserProfileUITests;
				PRODUCT_NAME = "$(TARGET_NAME)";
				SWIFT_EMIT_LOC_STRINGS = NO;
				SWIFT_VERSION = 5.0;
				TARGETED_DEVICE_FAMILY = "1,2";
				TEST_TARGET_NAME = UserProfile;
			};
			name = Debug;
		};
		8BFB256C27DFA058007CFE00 /* Release */ = {
			isa = XCBuildConfiguration;
			buildSettings = {
				ALWAYS_EMBED_SWIFT_STANDARD_LIBRARIES = YES;
				CODE_SIGN_STYLE = Automatic;
				CURRENT_PROJECT_VERSION = 1;
				GENERATE_INFOPLIST_FILE = YES;
				MARKETING_VERSION = 1.0;
				PRODUCT_BUNDLE_IDENTIFIER = com.vitoroyeca.idme.UserProfileUITests;
				PRODUCT_NAME = "$(TARGET_NAME)";
				SWIFT_EMIT_LOC_STRINGS = NO;
				SWIFT_VERSION = 5.0;
				TARGETED_DEVICE_FAMILY = "1,2";
				TEST_TARGET_NAME = UserProfile;
			};
			name = Release;
		};
/* End XCBuildConfiguration section */

/* Begin XCConfigurationList section */
		8BFB253227DFA057007CFE00 /* Build configuration list for PBXProject "UserProfile" */ = {
			isa = XCConfigurationList;
			buildConfigurations = (
				8BFB256227DFA058007CFE00 /* Debug */,
				8BFB256327DFA058007CFE00 /* Release */,
			);
			defaultConfigurationIsVisible = 0;
			defaultConfigurationName = Release;
		};
		8BFB256427DFA058007CFE00 /* Build configuration list for PBXNativeTarget "UserProfile" */ = {
			isa = XCConfigurationList;
			buildConfigurations = (
				8BFB256527DFA058007CFE00 /* Debug */,
				8BFB256627DFA058007CFE00 /* Release */,
			);
			defaultConfigurationIsVisible = 0;
			defaultConfigurationName = Release;
		};
		8BFB256727DFA058007CFE00 /* Build configuration list for PBXNativeTarget "UserProfileTests" */ = {
			isa = XCConfigurationList;
			buildConfigurations = (
				8BFB256827DFA058007CFE00 /* Debug */,
				8BFB256927DFA058007CFE00 /* Release */,
			);
			defaultConfigurationIsVisible = 0;
			defaultConfigurationName = Release;
		};
		8BFB256A27DFA058007CFE00 /* Build configuration list for PBXNativeTarget "UserProfileUITests" */ = {
			isa = XCConfigurationList;
			buildConfigurations = (
				8BFB256B27DFA058007CFE00 /* Debug */,
				8BFB256C27DFA058007CFE00 /* Release */,
			);
			defaultConfigurationIsVisible = 0;
			defaultConfigurationName = Release;
		};
/* End XCConfigurationList section */

/* Begin XCRemoteSwiftPackageReference section */
		8BCDE39427E01EA600C15F59 /* XCRemoteSwiftPackageReference "SDWebImage" */ = {
			isa = XCRemoteSwiftPackageReference;
			repositoryURL = "https://github.com/SDWebImage/SDWebImage.git";
			requirement = {
				kind = upToNextMajorVersion;
				minimumVersion = 5.0.0;
			};
		};
/* End XCRemoteSwiftPackageReference section */

/* Begin XCSwiftPackageProductDependency section */
		8BCDE39527E01EA600C15F59 /* SDWebImage */ = {
			isa = XCSwiftPackageProductDependency;
			package = 8BCDE39427E01EA600C15F59 /* XCRemoteSwiftPackageReference "SDWebImage" */;
			productName = SDWebImage;
		};
/* End XCSwiftPackageProductDependency section */

/* Begin XCVersionGroup section */
		8BFB254327DFA057007CFE00 /* UserProfile.xcdatamodeld */ = {
			isa = XCVersionGroup;
			children = (
				8BFB254427DFA057007CFE00 /* UserProfile.xcdatamodel */,
			);
			currentVersion = 8BFB254427DFA057007CFE00 /* UserProfile.xcdatamodel */;
			path = UserProfile.xcdatamodeld;
			sourceTree = "<group>";
			versionGroupType = wrapper.xcdatamodel;
		};
/* End XCVersionGroup section */
	};
	rootObject = 8BFB252F27DFA057007CFE00 /* Project object */;
}
